// !$*UTF8*$!
{
	archiveVersion = 1;
	classes = {
	};
	objectVersion = 46;
	objects = {

/* Begin PBXBuildFile section */
		81825572FC6328F6A9004C89 /* Pods_TrackEventWithFabric.framework in Frameworks */ = {isa = PBXBuildFile; fileRef = F05DD855B610E938384AE165 /* Pods_TrackEventWithFabric.framework */; };
		FB5AA4181F0DE8F000D36104 /* AppDelegate.swift in Sources */ = {isa = PBXBuildFile; fileRef = FB5AA4171F0DE8F000D36104 /* AppDelegate.swift */; };
		FB5AA41A1F0DE8F000D36104 /* ViewController.swift in Sources */ = {isa = PBXBuildFile; fileRef = FB5AA4191F0DE8F000D36104 /* ViewController.swift */; };
		FB5AA41D1F0DE8F000D36104 /* Main.storyboard in Resources */ = {isa = PBXBuildFile; fileRef = FB5AA41B1F0DE8F000D36104 /* Main.storyboard */; };
		FB5AA41F1F0DE8F000D36104 /* Assets.xcassets in Resources */ = {isa = PBXBuildFile; fileRef = FB5AA41E1F0DE8F000D36104 /* Assets.xcassets */; };
		FB5AA4221F0DE8F000D36104 /* LaunchScreen.storyboard in Resources */ = {isa = PBXBuildFile; fileRef = FB5AA4201F0DE8F000D36104 /* LaunchScreen.storyboard */; };
		FB8F97F71F0E28F400AD29BB /* Default-568h@2x.png in Resources */ = {isa = PBXBuildFile; fileRef = FB8F97F61F0E28F400AD29BB /* Default-568h@2x.png */; };
/* End PBXBuildFile section */

/* Begin PBXFileReference section */
		4E339AC2EA9B2F7418152444 /* Pods-TrackEventWithFabric.release.xcconfig */ = {isa = PBXFileReference; includeInIndex = 1; lastKnownFileType = text.xcconfig; name = "Pods-TrackEventWithFabric.release.xcconfig"; path = "Pods/Target Support Files/Pods-TrackEventWithFabric/Pods-TrackEventWithFabric.release.xcconfig"; sourceTree = "<group>"; };
		78E9BCE6F0127994077EA2CB /* Pods-TrackEventWithFabric.debug.xcconfig */ = {isa = PBXFileReference; includeInIndex = 1; lastKnownFileType = text.xcconfig; name = "Pods-TrackEventWithFabric.debug.xcconfig"; path = "Pods/Target Support Files/Pods-TrackEventWithFabric/Pods-TrackEventWithFabric.debug.xcconfig"; sourceTree = "<group>"; };
		F05DD855B610E938384AE165 /* Pods_TrackEventWithFabric.framework */ = {isa = PBXFileReference; explicitFileType = wrapper.framework; includeInIndex = 0; path = Pods_TrackEventWithFabric.framework; sourceTree = BUILT_PRODUCTS_DIR; };
		FB5AA4141F0DE8F000D36104 /* TrackEventWithFabric.app */ = {isa = PBXFileReference; explicitFileType = wrapper.application; includeInIndex = 0; path = TrackEventWithFabric.app; sourceTree = BUILT_PRODUCTS_DIR; };
		FB5AA4171F0DE8F000D36104 /* AppDelegate.swift */ = {isa = PBXFileReference; lastKnownFileType = sourcecode.swift; path = AppDelegate.swift; sourceTree = "<group>"; };
		FB5AA4191F0DE8F000D36104 /* ViewController.swift */ = {isa = PBXFileReference; lastKnownFileType = sourcecode.swift; path = ViewController.swift; sourceTree = "<group>"; };
		FB5AA41C1F0DE8F000D36104 /* Base */ = {isa = PBXFileReference; lastKnownFileType = file.storyboard; name = Base; path = Base.lproj/Main.storyboard; sourceTree = "<group>"; };
		FB5AA41E1F0DE8F000D36104 /* Assets.xcassets */ = {isa = PBXFileReference; lastKnownFileType = folder.assetcatalog; path = Assets.xcassets; sourceTree = "<group>"; };
		FB5AA4211F0DE8F000D36104 /* Base */ = {isa = PBXFileReference; lastKnownFileType = file.storyboard; name = Base; path = Base.lproj/LaunchScreen.storyboard; sourceTree = "<group>"; };
		FB5AA4231F0DE8F000D36104 /* Info.plist */ = {isa = PBXFileReference; lastKnownFileType = text.plist.xml; path = Info.plist; sourceTree = "<group>"; };
		FB8F97F61F0E28F400AD29BB /* Default-568h@2x.png */ = {isa = PBXFileReference; lastKnownFileType = image.png; path = "Default-568h@2x.png"; sourceTree = "<group>"; };
/* End PBXFileReference section */

/* Begin PBXFrameworksBuildPhase section */
		FB5AA4111F0DE8F000D36104 /* Frameworks */ = {
			isa = PBXFrameworksBuildPhase;
			buildActionMask = 2147483647;
			files = (
				81825572FC6328F6A9004C89 /* Pods_TrackEventWithFabric.framework in Frameworks */,
			);
			runOnlyForDeploymentPostprocessing = 0;
		};
/* End PBXFrameworksBuildPhase section */

/* Begin PBXGroup section */
		5400B0152BBBD1F83D644290 /* Frameworks */ = {
			isa = PBXGroup;
			children = (
				F05DD855B610E938384AE165 /* Pods_TrackEventWithFabric.framework */,
			);
			name = Frameworks;
			sourceTree = "<group>";
		};
		715FF4A025C84DA1B841DFBA /* Pods */ = {
			isa = PBXGroup;
			children = (
				78E9BCE6F0127994077EA2CB /* Pods-TrackEventWithFabric.debug.xcconfig */,
				4E339AC2EA9B2F7418152444 /* Pods-TrackEventWithFabric.release.xcconfig */,
			);
			name = Pods;
			sourceTree = "<group>";
		};
		FB5AA40B1F0DE8F000D36104 = {
			isa = PBXGroup;
			children = (
				FB8F97F61F0E28F400AD29BB /* Default-568h@2x.png */,
				FB5AA4161F0DE8F000D36104 /* TrackEventWithFabric */,
				FB5AA4151F0DE8F000D36104 /* Products */,
				715FF4A025C84DA1B841DFBA /* Pods */,
				5400B0152BBBD1F83D644290 /* Frameworks */,
			);
			sourceTree = "<group>";
		};
		FB5AA4151F0DE8F000D36104 /* Products */ = {
			isa = PBXGroup;
			children = (
				FB5AA4141F0DE8F000D36104 /* TrackEventWithFabric.app */,
			);
			name = Products;
			sourceTree = "<group>";
		};
		FB5AA4161F0DE8F000D36104 /* TrackEventWithFabric */ = {
			isa = PBXGroup;
			children = (
				FB5AA4171F0DE8F000D36104 /* AppDelegate.swift */,
				FB5AA4191F0DE8F000D36104 /* ViewController.swift */,
				FB5AA41B1F0DE8F000D36104 /* Main.storyboard */,
				FB5AA41E1F0DE8F000D36104 /* Assets.xcassets */,
				FB5AA4201F0DE8F000D36104 /* LaunchScreen.storyboard */,
				FB5AA4231F0DE8F000D36104 /* Info.plist */,
			);
			path = TrackEventWithFabric;
			sourceTree = "<group>";
		};
/* End PBXGroup section */

/* Begin PBXNativeTarget section */
		FB5AA4131F0DE8F000D36104 /* TrackEventWithFabric */ = {
			isa = PBXNativeTarget;
			buildConfigurationList = FB5AA4261F0DE8F000D36104 /* Build configuration list for PBXNativeTarget "TrackEventWithFabric" */;
			buildPhases = (
				BF98CFEAD61854CA1190D1D5 /* [CP] Check Pods Manifest.lock */,
				FB5AA4101F0DE8F000D36104 /* Sources */,
				FB5AA4111F0DE8F000D36104 /* Frameworks */,
				FB5AA4121F0DE8F000D36104 /* Resources */,
				18318C3BB6DB108A9AE48919 /* [CP] Embed Pods Frameworks */,
				65AD6A4F4E2BD8EC6030DCB3 /* [CP] Copy Pods Resources */,
				FB5AA4291F0DEABC00D36104 /* ShellScript */,
			);
			buildRules = (
			);
			dependencies = (
			);
			name = TrackEventWithFabric;
			productName = TrackEventWithFabric;
			productReference = FB5AA4141F0DE8F000D36104 /* TrackEventWithFabric.app */;
			productType = "com.apple.product-type.application";
		};
/* End PBXNativeTarget section */

/* Begin PBXProject section */
		FB5AA40C1F0DE8F000D36104 /* Project object */ = {
			isa = PBXProject;
			attributes = {
				LastSwiftUpdateCheck = 0830;
				LastUpgradeCheck = 0830;
				ORGANIZATIONNAME = FameSprinteR;
				TargetAttributes = {
					FB5AA4131F0DE8F000D36104 = {
						CreatedOnToolsVersion = 8.3.3;
						ProvisioningStyle = Automatic;
					};
				};
			};
			buildConfigurationList = FB5AA40F1F0DE8F000D36104 /* Build configuration list for PBXProject "TrackEventWithFabric" */;
			compatibilityVersion = "Xcode 3.2";
			developmentRegion = English;
			hasScannedForEncodings = 0;
			knownRegions = (
				en,
				Base,
			);
			mainGroup = FB5AA40B1F0DE8F000D36104;
			productRefGroup = FB5AA4151F0DE8F000D36104 /* Products */;
			projectDirPath = "";
			projectRoot = "";
			targets = (
				FB5AA4131F0DE8F000D36104 /* TrackEventWithFabric */,
			);
		};
/* End PBXProject section */

/* Begin PBXResourcesBuildPhase section */
		FB5AA4121F0DE8F000D36104 /* Resources */ = {
			isa = PBXResourcesBuildPhase;
			buildActionMask = 2147483647;
			files = (
				FB5AA4221F0DE8F000D36104 /* LaunchScreen.storyboard in Resources */,
				FB8F97F71F0E28F400AD29BB /* Default-568h@2x.png in Resources */,
				FB5AA41F1F0DE8F000D36104 /* Assets.xcassets in Resources */,
				FB5AA41D1F0DE8F000D36104 /* Main.storyboard in Resources */,
			);
			runOnlyForDeploymentPostprocessing = 0;
		};
/* End PBXResourcesBuildPhase section */

/* Begin PBXShellScriptBuildPhase section */
		18318C3BB6DB108A9AE48919 /* [CP] Embed Pods Frameworks */ = {
			isa = PBXShellScriptBuildPhase;
			buildActionMask = 2147483647;
			files = (
			);
			inputPaths = (
			);
			name = "[CP] Embed Pods Frameworks";
			outputPaths = (
			);
			runOnlyForDeploymentPostprocessing = 0;
			shellPath = /bin/sh;
			shellScript = "\"${SRCROOT}/Pods/Target Support Files/Pods-TrackEventWithFabric/Pods-TrackEventWithFabric-frameworks.sh\"\n";
			showEnvVarsInLog = 0;
		};
		65AD6A4F4E2BD8EC6030DCB3 /* [CP] Copy Pods Resources */ = {
			isa = PBXShellScriptBuildPhase;
			buildActionMask = 2147483647;
			files = (
			);
			inputPaths = (
			);
			name = "[CP] Copy Pods Resources";
			outputPaths = (
			);
			runOnlyForDeploymentPostprocessing = 0;
			shellPath = /bin/sh;
			shellScript = "\"${SRCROOT}/Pods/Target Support Files/Pods-TrackEventWithFabric/Pods-TrackEventWithFabric-resources.sh\"\n";
			showEnvVarsInLog = 0;
		};
		BF98CFEAD61854CA1190D1D5 /* [CP] Check Pods Manifest.lock */ = {
			isa = PBXShellScriptBuildPhase;
			buildActionMask = 2147483647;
			files = (
			);
			inputPaths = (
			);
			name = "[CP] Check Pods Manifest.lock";
			outputPaths = (
			);
			runOnlyForDeploymentPostprocessing = 0;
			shellPath = /bin/sh;
			shellScript = "diff \"${PODS_PODFILE_DIR_PATH}/Podfile.lock\" \"${PODS_ROOT}/Manifest.lock\" > /dev/null\nif [ $? != 0 ] ; then\n    # print error to STDERR\n    echo \"error: The sandbox is not in sync with the Podfile.lock. Run 'pod install' or update your CocoaPods installation.\" >&2\n    exit 1\nfi\n";
			showEnvVarsInLog = 0;
		};
		FB5AA4291F0DEABC00D36104 /* ShellScript */ = {
			isa = PBXShellScriptBuildPhase;
			buildActionMask = 2147483647;
			files = (
			);
			inputPaths = (
			);
			outputPaths = (
			);
			runOnlyForDeploymentPostprocessing = 0;
			shellPath = /bin/sh;
			shellScript = "\"${PODS_ROOT}/Fabric/run\" fc5bc425fa027961228ae7007e92531320f8d4cc cf20c5c0badea452d2218f013b897eb32d664f94bdd80197c033bbb32cf5fcb9";
		};
/* End PBXShellScriptBuildPhase section */

/* Begin PBXSourcesBuildPhase section */
		FB5AA4101F0DE8F000D36104 /* Sources */ = {
			isa = PBXSourcesBuildPhase;
			buildActionMask = 2147483647;
			files = (
				FB5AA41A1F0DE8F000D36104 /* ViewController.swift in Sources */,
				FB5AA4181F0DE8F000D36104 /* AppDelegate.swift in Sources */,
			);
			runOnlyForDeploymentPostprocessing = 0;
		};
/* End PBXSourcesBuildPhase section */

/* Begin PBXVariantGroup section */
		FB5AA41B1F0DE8F000D36104 /* Main.storyboard */ = {
			isa = PBXVariantGroup;
			children = (
				FB5AA41C1F0DE8F000D36104 /* Base */,
			);
			name = Main.storyboard;
			sourceTree = "<group>";
		};
		FB5AA4201F0DE8F000D36104 /* LaunchScreen.storyboard */ = {
			isa = PBXVariantGroup;
			children = (
				FB5AA4211F0DE8F000D36104 /* Base */,
			);
			name = LaunchScreen.storyboard;
			sourceTree = "<group>";
		};
/* End PBXVariantGroup section */

/* Begin XCBuildConfiguration section */
		FB5AA4241F0DE8F000D36104 /* Debug */ = {
			isa = XCBuildConfiguration;
			buildSettings = {
				ALWAYS_SEARCH_USER_PATHS = NO;
				CLANG_ANALYZER_NONNULL = YES;
				CLANG_ANALYZER_NUMBER_OBJECT_CONVERSION = YES_AGGRESSIVE;
				CLANG_CXX_LANGUAGE_STANDARD = "gnu++0x";
				CLANG_CXX_LIBRARY = "libc++";
				CLANG_ENABLE_MODULES = YES;
				CLANG_ENABLE_OBJC_ARC = YES;
				CLANG_WARN_BOOL_CONVERSION = YES;
				CLANG_WARN_CONSTANT_CONVERSION = YES;
				CLANG_WARN_DIRECT_OBJC_ISA_USAGE = YES_ERROR;
				CLANG_WARN_DOCUMENTATION_COMMENTS = YES;
				CLANG_WARN_EMPTY_BODY = YES;
				CLANG_WARN_ENUM_CONVERSION = YES;
				CLANG_WARN_INFINITE_RECURSION = YES;
				CLANG_WARN_INT_CONVERSION = YES;
				CLANG_WARN_OBJC_ROOT_CLASS = YES_ERROR;
				CLANG_WARN_SUSPICIOUS_MOVE = YES;
				CLANG_WARN_UNREACHABLE_CODE = YES;
				CLANG_WARN__DUPLICATE_METHOD_MATCH = YES;
				"CODE_SIGN_IDENTITY[sdk=iphoneos*]" = "iPhone Developer";
				COPY_PHASE_STRIP = NO;
				DEBUG_INFORMATION_FORMAT = dwarf;
				ENABLE_STRICT_OBJC_MSGSEND = YES;
				ENABLE_TESTABILITY = YES;
				GCC_C_LANGUAGE_STANDARD = gnu99;
				GCC_DYNAMIC_NO_PIC = NO;
				GCC_NO_COMMON_BLOCKS = YES;
				GCC_OPTIMIZATION_LEVEL = 0;
				GCC_PREPROCESSOR_DEFINITIONS = (
					"DEBUG=1",
					"$(inherited)",
				);
				GCC_WARN_64_TO_32_BIT_CONVERSION = YES;
				GCC_WARN_ABOUT_RETURN_TYPE = YES_ERROR;
				GCC_WARN_UNDECLARED_SELECTOR = YES;
				GCC_WARN_UNINITIALIZED_AUTOS = YES_AGGRESSIVE;
				GCC_WARN_UNUSED_FUNCTION = YES;
				GCC_WARN_UNUSED_VARIABLE = YES;
				IPHONEOS_DEPLOYMENT_TARGET = 10.3;
				MTL_ENABLE_DEBUG_INFO = YES;
				ONLY_ACTIVE_ARCH = YES;
				SDKROOT = iphoneos;
				SWIFT_ACTIVE_COMPILATION_CONDITIONS = DEBUG;
				SWIFT_OPTIMIZATION_LEVEL = "-Onone";
			};
			name = Debug;
		};
		FB5AA4251F0DE8F000D36104 /* Release */ = {
			isa = XCBuildConfiguration;
			buildSettings = {
				ALWAYS_SEARCH_USER_PATHS = NO;
				CLANG_ANALYZER_NONNULL = YES;
				CLANG_ANALYZER_NUMBER_OBJECT_CONVERSION = YES_AGGRESSIVE;
				CLANG_CXX_LANGUAGE_STANDARD = "gnu++0x";
				CLANG_CXX_LIBRARY = "libc++";
				CLANG_ENABLE_MODULES = YES;
				CLANG_ENABLE_OBJC_ARC = YES;
				CLANG_WARN_BOOL_CONVERSION = YES;
				CLANG_WARN_CONSTANT_CONVERSION = YES;
				CLANG_WARN_DIRECT_OBJC_ISA_USAGE = YES_ERROR;
				CLANG_WARN_DOCUMENTATION_COMMENTS = YES;
				CLANG_WARN_EMPTY_BODY = YES;
				CLANG_WARN_ENUM_CONVERSION = YES;
				CLANG_WARN_INFINITE_RECURSION = YES;
				CLANG_WARN_INT_CONVERSION = YES;
				CLANG_WARN_OBJC_ROOT_CLASS = YES_ERROR;
				CLANG_WARN_SUSPICIOUS_MOVE = YES;
				CLANG_WARN_UNREACHABLE_CODE = YES;
				CLANG_WARN__DUPLICATE_METHOD_MATCH = YES;
				"CODE_SIGN_IDENTITY[sdk=iphoneos*]" = "iPhone Developer";
				COPY_PHASE_STRIP = NO;
				DEBUG_INFORMATION_FORMAT = "dwarf-with-dsym";
				ENABLE_NS_ASSERTIONS = NO;
				ENABLE_STRICT_OBJC_MSGSEND = YES;
				GCC_C_LANGUAGE_STANDARD = gnu99;
				GCC_NO_COMMON_BLOCKS = YES;
				GCC_WARN_64_TO_32_BIT_CONVERSION = YES;
				GCC_WARN_ABOUT_RETURN_TYPE = YES_ERROR;
				GCC_WARN_UNDECLARED_SELECTOR = YES;
				GCC_WARN_UNINITIALIZED_AUTOS = YES_AGGRESSIVE;
				GCC_WARN_UNUSED_FUNCTION = YES;
				GCC_WARN_UNUSED_VARIABLE = YES;
				IPHONEOS_DEPLOYMENT_TARGET = 10.3;
				MTL_ENABLE_DEBUG_INFO = NO;
				SDKROOT = iphoneos;
				SWIFT_OPTIMIZATION_LEVEL = "-Owholemodule";
				VALIDATE_PRODUCT = YES;
			};
			name = Release;
		};
		FB5AA4271F0DE8F000D36104 /* Debug */ = {
			isa = XCBuildConfiguration;
			baseConfigurationReference = 78E9BCE6F0127994077EA2CB /* Pods-TrackEventWithFabric.debug.xcconfig */;
			buildSettings = {
				ASSETCATALOG_COMPILER_APPICON_NAME = AppIcon;
				INFOPLIST_FILE = TrackEventWithFabric/Info.plist;
				LD_RUNPATH_SEARCH_PATHS = "$(inherited) @executable_path/Frameworks";
				PRODUCT_BUNDLE_IDENTIFIER = FameSprinteR.KR.TrackEventWithFabric;
				PRODUCT_NAME = "$(TARGET_NAME)";
				SWIFT_VERSION = 3.0;
			};
			name = Debug;
		};
		FB5AA4281F0DE8F000D36104 /* Release */ = {
			isa = XCBuildConfiguration;
			baseConfigurationReference = 4E339AC2EA9B2F7418152444 /* Pods-TrackEventWithFabric.release.xcconfig */;
			buildSettings = {
				ASSETCATALOG_COMPILER_APPICON_NAME = AppIcon;
				INFOPLIST_FILE = TrackEventWithFabric/Info.plist;
				LD_RUNPATH_SEARCH_PATHS = "$(inherited) @executable_path/Frameworks";
				PRODUCT_BUNDLE_IDENTIFIER = FameSprinteR.KR.TrackEventWithFabric;
				PRODUCT_NAME = "$(TARGET_NAME)";
				SWIFT_VERSION = 3.0;
			};
			name = Release;
		};
/* End XCBuildConfiguration section */

/* Begin XCConfigurationList section */
		FB5AA40F1F0DE8F000D36104 /* Build configuration list for PBXProject "TrackEventWithFabric" */ = {
			isa = XCConfigurationList;
			buildConfigurations = (
				FB5AA4241F0DE8F000D36104 /* Debug */,
				FB5AA4251F0DE8F000D36104 /* Release */,
			);
			defaultConfigurationIsVisible = 0;
			defaultConfigurationName = Release;
		};
		FB5AA4261F0DE8F000D36104 /* Build configuration list for PBXNativeTarget "TrackEventWithFabric" */ = {
			isa = XCConfigurationList;
			buildConfigurations = (
				FB5AA4271F0DE8F000D36104 /* Debug */,
				FB5AA4281F0DE8F000D36104 /* Release */,
			);
			defaultConfigurationIsVisible = 0;
			defaultConfigurationName = Release;
		};
/* End XCConfigurationList section */
	};
	rootObject = FB5AA40C1F0DE8F000D36104 /* Project object */;
}
